
Microsoft Visual Studio Solution File, Format Version 12.00
# Visual Studio Version 16
VisualStudioVersion = 16.0.32228.343
MinimumVisualStudioVersion = 10.0.40219.1
Project("{FAE04EC0-301F-11D3-BF4B-00C04F79EFBC}") = "ControDeContatos", "ControDeContatos.csproj", "{5953B26E-FC4D-43DB-8FDC-D68F8F2FEC29}"
EndProject
Global
	GlobalSection(SolutionConfigurationPlatforms) = preSolution
		Debug|Any CPU = Debug|Any CPU
		Release|Any CPU = Release|Any CPU
	EndGlobalSection
	GlobalSection(ProjectConfigurationPlatforms) = postSolution
		{5953B26E-FC4D-43DB-8FDC-D68F8F2FEC29}.Debug|Any CPU.ActiveCfg = Debug|Any CPU
		{5953B26E-FC4D-43DB-8FDC-D68F8F2FEC29}.Debug|Any CPU.Build.0 = Debug|Any CPU
		{5953B26E-FC4D-43DB-8FDC-D68F8F2FEC29}.Release|Any CPU.ActiveCfg = Release|Any CPU
		{5953B26E-FC4D-43DB-8FDC-D68F8F2FEC29}.Release|Any CPU.Build.0 = Release|Any CPU
	EndGlobalSection
	GlobalSection(SolutionProperties) = preSolution
		HideSolutionNode = FALSE
	EndGlobalSection
	GlobalSection(ExtensibilityGlobals) = postSolution
		SolutionGuid = {644CA66F-3B5E-4205-8E2F-8CEF6312C58C}
	EndGlobalSection
EndGlobal
